PODS:
  - MicrosoftFluentUI/ActivityIndicator_ios (0.10.1):
    - MicrosoftFluentUI/Core_ios
  - MicrosoftFluentUI/Avatar_ios (0.10.1):
    - MicrosoftFluentUI/Core_ios
  - MicrosoftFluentUI/AvatarGroup_ios (0.10.1):
    - MicrosoftFluentUI/Avatar_ios
  - MicrosoftFluentUI/BottomSheet_ios (0.10.1):
    - MicrosoftFluentUI/Obscurable_ios
    - MicrosoftFluentUI/ResizingHandleView_ios
  - MicrosoftFluentUI/Button_ios (0.10.1):
    - MicrosoftFluentUI/Core_ios
  - MicrosoftFluentUI/Core_ios (0.10.1)
  - MicrosoftFluentUI/Drawer_ios (0.10.1):
    - MicrosoftFluentUI/Obscurable_ios
    - MicrosoftFluentUI/ResizingHandleView_ios
    - MicrosoftFluentUI/Separator_ios
    - MicrosoftFluentUI/TouchForwardingView_ios
  - MicrosoftFluentUI/Label_ios (0.10.1):
    - MicrosoftFluentUI/Core_ios
  - MicrosoftFluentUI/Obscurable_ios (0.10.1):
    - MicrosoftFluentUI/Core_ios
  - MicrosoftFluentUI/PopupMenu_ios (0.10.1):
    - MicrosoftFluentUI/Drawer_ios
    - MicrosoftFluentUI/Label_ios
    - MicrosoftFluentUI/Separator_ios
    - MicrosoftFluentUI/TableView_ios
  - MicrosoftFluentUI/ResizingHandleView_ios (0.10.1):
    - MicrosoftFluentUI/Core_ios
  - MicrosoftFluentUI/Separator_ios (0.10.1):
    - MicrosoftFluentUI/Core_ios
  - MicrosoftFluentUI/TableView_ios (0.10.1):
    - MicrosoftFluentUI/Label_ios
    - MicrosoftFluentUI/Separator_ios
  - MicrosoftFluentUI/TouchForwardingView_ios (0.10.1):
    - MicrosoftFluentUI/Core_ios

DEPENDENCIES:
  - MicrosoftFluentUI/ActivityIndicator_ios (= 0.10.1)
  - MicrosoftFluentUI/Avatar_ios (= 0.10.1)
  - MicrosoftFluentUI/AvatarGroup_ios (= 0.10.1)
  - MicrosoftFluentUI/BottomSheet_ios (= 0.10.1)
  - MicrosoftFluentUI/Button_ios (= 0.10.1)
  - MicrosoftFluentUI/PopupMenu_ios (= 0.10.1)

SPEC REPOS:
  trunk:
    - MicrosoftFluentUI

SPEC CHECKSUMS:
  MicrosoftFluentUI: 72c0a605f58cc951e02e1b3405655a2e9a53ee48

PODFILE CHECKSUM: a7151ff1b54e002b6559291d776f736a730da4bf

COCOAPODS: 1.11.3
